{
    "_readme": [
        "This file locks the dependencies of your project to a known state",
        "Read more about it at http://getcomposer.org/doc/01-basic-usage.md#composer-lock-the-lock-file",
        "This file is @generated automatically"
    ],
    "hash": "c6e6a324074bb36820a072b2d485b2b0",
    "packages": [
        {
            "name": "guzzlehttp/guzzle",
            "version": "4.1.0",
            "source": {
                "type": "git",
                "url": "https://github.com/guzzle/guzzle.git",
                "reference": "85a0ba7de064493c928a8bcdc5eef01e0bde9953"
            },
            "dist": {
                "type": "zip",
                "url": "https://api.github.com/repos/guzzle/guzzle/zipball/85a0ba7de064493c928a8bcdc5eef01e0bde9953",
                "reference": "85a0ba7de064493c928a8bcdc5eef01e0bde9953",
                "shasum": ""
            },
            "require": {
                "ext-json": "*",
                "guzzlehttp/streams": "~1.0",
                "php": ">=5.4.0"
            },
            "require-dev": {
                "ext-curl": "*",
                "phpunit/phpunit": "~4.0",
                "psr/log": "~1.0"
            },
            "suggest": {
                "ext-curl": "Guzzle will use specific adapters if cURL is present"
            },
            "type": "library",
            "extra": {
                "branch-alias": {
                    "dev-master": "4.0.x-dev"
                }
            },
            "autoload": {
                "psr-4": {
                    "GuzzleHttp\\": "src/"
                },
                "files": [
                    "src/functions.php"
                ]
            },
            "notification-url": "https://packagist.org/downloads/",
            "license": [
                "MIT"
            ],
            "authors": [
                {
                    "name": "Michael Dowling",
                    "email": "mtdowling@gmail.com",
                    "homepage": "https://github.com/mtdowling"
                }
            ],
            "description": "Guzzle is a PHP HTTP client library and framework for building RESTful web service clients",
            "homepage": "http://guzzlephp.org/",
            "keywords": [
                "client",
                "curl",
                "framework",
                "http",
                "http client",
                "rest",
                "web service"
            ],
            "time": "2014-05-28 05:13:19"
        },
        {
            "name": "guzzlehttp/streams",
            "version": "1.1.0",
            "source": {
                "type": "git",
                "url": "https://github.com/guzzle/streams.git",
                "reference": "cf0c8c33ca95cc147efba4c714f630ee44767180"
            },
            "dist": {
                "type": "zip",
                "url": "https://api.github.com/repos/guzzle/streams/zipball/cf0c8c33ca95cc147efba4c714f630ee44767180",
                "reference": "cf0c8c33ca95cc147efba4c714f630ee44767180",
                "shasum": ""
            },
            "require": {
                "php": ">=5.4.0"
            },
            "require-dev": {
                "phpunit/phpunit": "~4.0"
            },
            "type": "library",
            "extra": {
                "branch-alias": {
                    "dev-master": "1.0.x-dev"
                }
            },
            "autoload": {
                "psr-4": {
                    "GuzzleHttp\\Stream\\": "src/"
                },
                "files": [
                    "src/functions.php"
                ]
            },
            "notification-url": "https://packagist.org/downloads/",
            "license": [
                "MIT"
            ],
            "authors": [
                {
                    "name": "Michael Dowling",
                    "email": "mtdowling@gmail.com",
                    "homepage": "https://github.com/mtdowling"
                }
            ],
            "description": "Provides a simple abstraction over streams of data (Guzzle 4+)",
            "homepage": "http://guzzlephp.org/",
            "keywords": [
                "Guzzle",
                "stream"
            ],
            "time": "2014-04-03 04:48:24"
        },
        {
            "name": "prewk/xml-string-streamer",
            "version": "0.5.0",
            "source": {
                "type": "git",
                "url": "https://github.com/prewk/xml-string-streamer.git",
                "reference": "b34b5eb02c44465a8cbf7c51b506013856dc27db"
            },
            "dist": {
                "type": "zip",
                "url": "https://api.github.com/repos/prewk/xml-string-streamer/zipball/b34b5eb02c44465a8cbf7c51b506013856dc27db",
                "reference": "b34b5eb02c44465a8cbf7c51b506013856dc27db",
                "shasum": ""
            },
            "require": {
                "php": ">=5.3.0"
            },
            "require-dev": {
                "prewk/xml-faker": "0.0.2"
            },
            "type": "library",
            "autoload": {
                "psr-4": {
                    "Prewk\\": "src"
                }
            },
            "notification-url": "https://packagist.org/downloads/",
            "license": [
                "MIT"
            ],
            "authors": [
                {
                    "name": "prewk",
                    "email": "oskar.thornblad@gmail.com"
                }
            ],
            "description": "Stream large XML files with low memory consumption",
            "homepage": "https://github.com/prewk/xml-string-streamer",
            "time": "2014-06-03 19:10:52"
        }
    ],
    "packages-dev": [
        {
            "name": "fzaninotto/faker",
            "version": "v1.3.0",
            "source": {
                "type": "git",
                "url": "https://github.com/fzaninotto/Faker.git",
                "reference": "1d143fd8caf4d264602450bc01d7484af788706b"
            },
            "dist": {
                "type": "zip",
                "url": "https://api.github.com/repos/fzaninotto/Faker/zipball/1d143fd8caf4d264602450bc01d7484af788706b",
                "reference": "1d143fd8caf4d264602450bc01d7484af788706b",
                "shasum": ""
            },
            "require": {
                "php": ">=5.3.3"
            },
            "type": "library",
            "extra": {
                "branch-alias": {
                    "dev-master": "1.3.0-dev"
                }
            },
            "autoload": {
                "psr-0": {
                    "Faker": "src/",
                    "Faker\\PHPUnit": "test/"
                }
            },
            "notification-url": "https://packagist.org/downloads/",
            "license": [
                "MIT"
            ],
            "authors": [
                {
                    "name": "François Zaninotto"
                }
            ],
            "description": "Faker is a PHP library that generates fake data for you.",
            "keywords": [
                "data",
                "faker",
                "fixtures"
            ],
            "time": "2013-12-16 21:56:48"
        },
        {
            "name": "prewk/xml-faker",
            "version": "0.0.2",
            "source": {
                "type": "git",
                "url": "https://github.com/prewk/xml-faker.git",
                "reference": "212b31fd0bafa500f688d632329355d5a4dd6113"
            },
            "dist": {
                "type": "zip",
                "url": "https://api.github.com/repos/prewk/xml-faker/zipball/212b31fd0bafa500f688d632329355d5a4dd6113",
                "reference": "212b31fd0bafa500f688d632329355d5a4dd6113",
                "shasum": ""
            },
            "require": {
                "fzaninotto/faker": "v1.3.0",
                "php": ">=5.3.0"
            },
            "type": "library",
            "autoload": {
                "psr-4": {
                    "Prewk\\": "src"
                }
            },
            "notification-url": "https://packagist.org/downloads/",
            "license": [
                "MIT"
            ],
            "authors": [
                {
                    "name": "prewk",
                    "email": "oskar.thornblad@gmail.com"
                }
            ],
            "description": "Create random XML with the help of fzaniotto/Faker.",
            "homepage": "https://github.com/prewk/xml-faker",
            "time": "2014-04-27 16:49:53"
        }
    ],
    "aliases": [

    ],
    "minimum-stability": "stable",
    "stability-flags": [

    ],
    "platform": {
        "php": ">=5.4.0"
    },
    "platform-dev": [

    ]
}
